
Microsoft Visual Studio Solution File, Format Version 12.00
# Visual Studio 15
VisualStudioVersion = 15.0.28307.572
MinimumVisualStudioVersion = 10.0.40219.1
Project("{8BC9CEB8-8B4A-11D0-8D11-00A0C91BC942}") = "Bomb", "Bomb\Bomb.vcxproj", "{56DB2AEE-9266-4F0D-803E-4B48AB439DB3}"
EndProject
Global
	GlobalSection(SolutionConfigurationPlatforms) = preSolution
		Debug|x64 = Debug|x64
		Debug|x86 = Debug|x86
		Release|x64 = Release|x64
		Release|x86 = Release|x86
	EndGlobalSection
	GlobalSection(ProjectConfigurationPlatforms) = postSolution
		{56DB2AEE-9266-4F0D-803E-4B48AB439DB3}.Debug|x64.ActiveCfg = Debug|x64
		{56DB2AEE-9266-4F0D-803E-4B48AB439DB3}.Debug|x64.Build.0 = Debug|x64
		{56DB2AEE-9266-4F0D-803E-4B48AB439DB3}.Debug|x86.ActiveCfg = Debug|Win32
		{56DB2AEE-9266-4F0D-803E-4B48AB439DB3}.Debug|x86.Build.0 = Debug|Win32
		{56DB2AEE-9266-4F0D-803E-4B48AB439DB3}.Release|x64.ActiveCfg = Release|x64
		{56DB2AEE-9266-4F0D-803E-4B48AB439DB3}.Release|x64.Build.0 = Release|x64
		{56DB2AEE-9266-4F0D-803E-4B48AB439DB3}.Release|x86.ActiveCfg = Release|Win32
		{56DB2AEE-9266-4F0D-803E-4B48AB439DB3}.Release|x86.Build.0 = Release|Win32
	EndGlobalSection
	GlobalSection(SolutionProperties) = preSolution
		HideSolutionNode = FALSE
	EndGlobalSection
	GlobalSection(ExtensibilityGlobals) = postSolution
		SolutionGuid = {422430E7-99E0-4432-B6E0-5BFDD690C995}
	EndGlobalSection
EndGlobal
